
Microsoft Visual Studio Solution File, Format Version 12.00
# Visual Studio Version 17
VisualStudioVersion = 17.13.35919.96
MinimumVisualStudioVersion = 10.0.40219.1
Project("{FAE04EC0-301F-11D3-BF4B-00C04F79EFBC}") = "SyntaxErrorWebApp", "SyntaxErrorWebApp\SyntaxErrorWebApp.csproj", "{F9000027-25C5-448C-A689-1BD7EAA3D3AA}"
EndProject
Project("{FAE04EC0-301F-11D3-BF4B-00C04F79EFBC}") = "Bussiness", "Bussiness\Bussiness.csproj", "{43C18D51-1634-40A9-984C-CBDAB1BA001E}"
EndProject
Global
	GlobalSection(SolutionConfigurationPlatforms) = preSolution
		Debug|Any CPU = Debug|Any CPU
		Release|Any CPU = Release|Any CPU
	EndGlobalSection
	GlobalSection(ProjectConfigurationPlatforms) = postSolution
		{F9000027-25C5-448C-A689-1BD7EAA3D3AA}.Debug|Any CPU.ActiveCfg = Debug|Any CPU
		{F9000027-25C5-448C-A689-1BD7EAA3D3AA}.Debug|Any CPU.Build.0 = Debug|Any CPU
		{F9000027-25C5-448C-A689-1BD7EAA3D3AA}.Release|Any CPU.ActiveCfg = Release|Any CPU
		{F9000027-25C5-448C-A689-1BD7EAA3D3AA}.Release|Any CPU.Build.0 = Release|Any CPU
		{43C18D51-1634-40A9-984C-CBDAB1BA001E}.Debug|Any CPU.ActiveCfg = Debug|Any CPU
		{43C18D51-1634-40A9-984C-CBDAB1BA001E}.Debug|Any CPU.Build.0 = Debug|Any CPU
		{43C18D51-1634-40A9-984C-CBDAB1BA001E}.Release|Any CPU.ActiveCfg = Release|Any CPU
		{43C18D51-1634-40A9-984C-CBDAB1BA001E}.Release|Any CPU.Build.0 = Release|Any CPU
	EndGlobalSection
	GlobalSection(SolutionProperties) = preSolution
		HideSolutionNode = FALSE
	EndGlobalSection
	GlobalSection(ExtensibilityGlobals) = postSolution
		SolutionGuid = {843CB8B5-3392-47A6-AF40-1499A37781E7}
	EndGlobalSection
EndGlobal
